
Microsoft Visual Studio Solution File, Format Version 12.00
# Visual Studio 15
VisualStudioVersion = 15.0.28307.421
MinimumVisualStudioVersion = 10.0.40219.1
Project("{9A19103F-16F7-4668-BE54-9A1E7A4F7556}") = "DemoSolution", "DemoSolution\DemoSolution.csproj", "{320F45B3-3E14-4BD4-B1F8-146A54FF3F55}"
	ProjectSection(ProjectDependencies) = postProject
		{53E67037-CA6D-4810-A6C5-F090B107A763} = {53E67037-CA6D-4810-A6C5-F090B107A763}
	EndProjectSection
EndProject
Project("{FAE04EC0-301F-11D3-BF4B-00C04F79EFBC}") = "DemoSolution.Infrastructure", "DemoSolution.Infrastructure\DemoSolution.Infrastructure.csproj", "{53E67037-CA6D-4810-A6C5-F090B107A763}"
	ProjectSection(ProjectDependencies) = postProject
		{028005AB-5085-444B-A5BB-B027328A287A} = {028005AB-5085-444B-A5BB-B027328A287A}
	EndProjectSection
EndProject
Project("{FAE04EC0-301F-11D3-BF4B-00C04F79EFBC}") = "DemoSolution.Core", "DemoSolution.Core\DemoSolution.Core.csproj", "{028005AB-5085-444B-A5BB-B027328A287A}"
EndProject
Global
	GlobalSection(SolutionConfigurationPlatforms) = preSolution
		Debug|Any CPU = Debug|Any CPU
		Release|Any CPU = Release|Any CPU
	EndGlobalSection
	GlobalSection(ProjectConfigurationPlatforms) = postSolution
		{320F45B3-3E14-4BD4-B1F8-146A54FF3F55}.Debug|Any CPU.ActiveCfg = Debug|Any CPU
		{320F45B3-3E14-4BD4-B1F8-146A54FF3F55}.Debug|Any CPU.Build.0 = Debug|Any CPU
		{320F45B3-3E14-4BD4-B1F8-146A54FF3F55}.Release|Any CPU.ActiveCfg = Release|Any CPU
		{320F45B3-3E14-4BD4-B1F8-146A54FF3F55}.Release|Any CPU.Build.0 = Release|Any CPU
		{53E67037-CA6D-4810-A6C5-F090B107A763}.Debug|Any CPU.ActiveCfg = Debug|Any CPU
		{53E67037-CA6D-4810-A6C5-F090B107A763}.Debug|Any CPU.Build.0 = Debug|Any CPU
		{53E67037-CA6D-4810-A6C5-F090B107A763}.Release|Any CPU.ActiveCfg = Release|Any CPU
		{53E67037-CA6D-4810-A6C5-F090B107A763}.Release|Any CPU.Build.0 = Release|Any CPU
		{028005AB-5085-444B-A5BB-B027328A287A}.Debug|Any CPU.ActiveCfg = Debug|Any CPU
		{028005AB-5085-444B-A5BB-B027328A287A}.Debug|Any CPU.Build.0 = Debug|Any CPU
		{028005AB-5085-444B-A5BB-B027328A287A}.Release|Any CPU.ActiveCfg = Release|Any CPU
		{028005AB-5085-444B-A5BB-B027328A287A}.Release|Any CPU.Build.0 = Release|Any CPU
	EndGlobalSection
	GlobalSection(SolutionProperties) = preSolution
		HideSolutionNode = FALSE
	EndGlobalSection
	GlobalSection(ExtensibilityGlobals) = postSolution
		SolutionGuid = {10E15E18-728C-455B-922C-917264A832A0}
	EndGlobalSection
EndGlobal
